
Microsoft Visual Studio Solution File, Format Version 12.00
# Visual Studio Version 17
VisualStudioVersion = 17.8.34511.84
MinimumVisualStudioVersion = 10.0.40219.1
Project("{FAE04EC0-301F-11D3-BF4B-00C04F79EFBC}") = "DontNetComplete", "DontNetComplete\DontNetComplete.csproj", "{CF1C2BF7-A3F2-4B7C-AA8D-1680D6E12F27}"
EndProject
Global
	GlobalSection(SolutionConfigurationPlatforms) = preSolution
		Debug|Any CPU = Debug|Any CPU
		Release|Any CPU = Release|Any CPU
	EndGlobalSection
	GlobalSection(ProjectConfigurationPlatforms) = postSolution
		{CF1C2BF7-A3F2-4B7C-AA8D-1680D6E12F27}.Debug|Any CPU.ActiveCfg = Debug|Any CPU
		{CF1C2BF7-A3F2-4B7C-AA8D-1680D6E12F27}.Debug|Any CPU.Build.0 = Debug|Any CPU
		{CF1C2BF7-A3F2-4B7C-AA8D-1680D6E12F27}.Release|Any CPU.ActiveCfg = Release|Any CPU
		{CF1C2BF7-A3F2-4B7C-AA8D-1680D6E12F27}.Release|Any CPU.Build.0 = Release|Any CPU
	EndGlobalSection
	GlobalSection(SolutionProperties) = preSolution
		HideSolutionNode = FALSE
	EndGlobalSection
	GlobalSection(ExtensibilityGlobals) = postSolution
		SolutionGuid = {33A500E4-99BE-4F62-A93C-7AECB5BAFC9E}
	EndGlobalSection
EndGlobal
